
Microsoft Visual Studio Solution File, Format Version 12.00
# Visual Studio Version 17
VisualStudioVersion = 17.1.32407.343
MinimumVisualStudioVersion = 10.0.40219.1
Project("{8BC9CEB8-8B4A-11D0-8D11-00A0C91BC942}") = "Logger", "Logger\Logger.vcxproj", "{5CCEEF53-FF17-41C8-8341-F0E45CD5D015}"
EndProject
Global
	GlobalSection(SolutionConfigurationPlatforms) = preSolution
		Debug|x64 = Debug|x64
		Debug|x86 = Debug|x86
		Release|x64 = Release|x64
		Release|x86 = Release|x86
	EndGlobalSection
	GlobalSection(ProjectConfigurationPlatforms) = postSolution
		{5CCEEF53-FF17-41C8-8341-F0E45CD5D015}.Debug|x64.ActiveCfg = Debug|x64
		{5CCEEF53-FF17-41C8-8341-F0E45CD5D015}.Debug|x64.Build.0 = Debug|x64
		{5CCEEF53-FF17-41C8-8341-F0E45CD5D015}.Debug|x86.ActiveCfg = Debug|Win32
		{5CCEEF53-FF17-41C8-8341-F0E45CD5D015}.Debug|x86.Build.0 = Debug|Win32
		{5CCEEF53-FF17-41C8-8341-F0E45CD5D015}.Release|x64.ActiveCfg = Release|x64
		{5CCEEF53-FF17-41C8-8341-F0E45CD5D015}.Release|x64.Build.0 = Release|x64
		{5CCEEF53-FF17-41C8-8341-F0E45CD5D015}.Release|x86.ActiveCfg = Release|Win32
		{5CCEEF53-FF17-41C8-8341-F0E45CD5D015}.Release|x86.Build.0 = Release|Win32
	EndGlobalSection
	GlobalSection(SolutionProperties) = preSolution
		HideSolutionNode = FALSE
	EndGlobalSection
	GlobalSection(ExtensibilityGlobals) = postSolution
		SolutionGuid = {01132EF4-5322-4109-B593-1D771A5EC00B}
	EndGlobalSection
EndGlobal
